// !$*UTF8*$!
{
	archiveVersion = 1;
	classes = {
	};
	objectVersion = 56;
	objects = {

/* Begin PBXBuildFile section */
		EA9936442B00DBC8004BB4E8 /* AppDelegate.swift in Sources */ = {isa = PBXBuildFile; fileRef = EA9936432B00DBC8004BB4E8 /* AppDelegate.swift */; };
		EA9936462B00DBC8004BB4E8 /* SceneDelegate.swift in Sources */ = {isa = PBXBuildFile; fileRef = EA9936452B00DBC8004BB4E8 /* SceneDelegate.swift */; };
		EA9936482B00DBC8004BB4E8 /* ViewController.swift in Sources */ = {isa = PBXBuildFile; fileRef = EA9936472B00DBC8004BB4E8 /* ViewController.swift */; };
		EA99364B2B00DBC8004BB4E8 /* Main.storyboard in Resources */ = {isa = PBXBuildFile; fileRef = EA9936492B00DBC8004BB4E8 /* Main.storyboard */; };
		EA99364D2B00DBC9004BB4E8 /* Assets.xcassets in Resources */ = {isa = PBXBuildFile; fileRef = EA99364C2B00DBC9004BB4E8 /* Assets.xcassets */; };
		EA9936502B00DBC9004BB4E8 /* LaunchScreen.storyboard in Resources */ = {isa = PBXBuildFile; fileRef = EA99364E2B00DBC9004BB4E8 /* LaunchScreen.storyboard */; };
		EA9936582B00E2D7004BB4E8 /* SecondViewController.swift in Sources */ = {isa = PBXBuildFile; fileRef = EA9936572B00E2D7004BB4E8 /* SecondViewController.swift */; };
		EA99365A2B00E302004BB4E8 /* ThirdViewController.swift in Sources */ = {isa = PBXBuildFile; fileRef = EA9936592B00E302004BB4E8 /* ThirdViewController.swift */; };
		EA99365C2B00ED61004BB4E8 /* PopupViewController.swift in Sources */ = {isa = PBXBuildFile; fileRef = EA99365B2B00ED61004BB4E8 /* PopupViewController.swift */; };
/* End PBXBuildFile section */

/* Begin PBXFileReference section */
		EA9936402B00DBC8004BB4E8 /* 03ViewStruct.app */ = {isa = PBXFileReference; explicitFileType = wrapper.application; includeInIndex = 0; path = 03ViewStruct.app; sourceTree = BUILT_PRODUCTS_DIR; };
		EA9936432B00DBC8004BB4E8 /* AppDelegate.swift */ = {isa = PBXFileReference; lastKnownFileType = sourcecode.swift; path = AppDelegate.swift; sourceTree = "<group>"; };
		EA9936452B00DBC8004BB4E8 /* SceneDelegate.swift */ = {isa = PBXFileReference; lastKnownFileType = sourcecode.swift; path = SceneDelegate.swift; sourceTree = "<group>"; };
		EA9936472B00DBC8004BB4E8 /* ViewController.swift */ = {isa = PBXFileReference; lastKnownFileType = sourcecode.swift; path = ViewController.swift; sourceTree = "<group>"; };
		EA99364A2B00DBC8004BB4E8 /* Base */ = {isa = PBXFileReference; lastKnownFileType = file.storyboard; name = Base; path = Base.lproj/Main.storyboard; sourceTree = "<group>"; };
		EA99364C2B00DBC9004BB4E8 /* Assets.xcassets */ = {isa = PBXFileReference; lastKnownFileType = folder.assetcatalog; path = Assets.xcassets; sourceTree = "<group>"; };
		EA99364F2B00DBC9004BB4E8 /* Base */ = {isa = PBXFileReference; lastKnownFileType = file.storyboard; name = Base; path = Base.lproj/LaunchScreen.storyboard; sourceTree = "<group>"; };
		EA9936512B00DBC9004BB4E8 /* Info.plist */ = {isa = PBXFileReference; lastKnownFileType = text.plist.xml; path = Info.plist; sourceTree = "<group>"; };
		EA9936572B00E2D7004BB4E8 /* SecondViewController.swift */ = {isa = PBXFileReference; lastKnownFileType = sourcecode.swift; path = SecondViewController.swift; sourceTree = "<group>"; };
		EA9936592B00E302004BB4E8 /* ThirdViewController.swift */ = {isa = PBXFileReference; lastKnownFileType = sourcecode.swift; path = ThirdViewController.swift; sourceTree = "<group>"; };
		EA99365B2B00ED61004BB4E8 /* PopupViewController.swift */ = {isa = PBXFileReference; lastKnownFileType = sourcecode.swift; path = PopupViewController.swift; sourceTree = "<group>"; };
/* End PBXFileReference section */

/* Begin PBXFrameworksBuildPhase section */
		EA99363D2B00DBC8004BB4E8 /* Frameworks */ = {
			isa = PBXFrameworksBuildPhase;
			buildActionMask = 2147483647;
			files = (
			);
			runOnlyForDeploymentPostprocessing = 0;
		};
/* End PBXFrameworksBuildPhase section */

/* Begin PBXGroup section */
		EA9936372B00DBC8004BB4E8 = {
			isa = PBXGroup;
			children = (
				EA9936422B00DBC8004BB4E8 /* 03ViewStruct */,
				EA9936412B00DBC8004BB4E8 /* Products */,
			);
			sourceTree = "<group>";
		};
		EA9936412B00DBC8004BB4E8 /* Products */ = {
			isa = PBXGroup;
			children = (
				EA9936402B00DBC8004BB4E8 /* 03ViewStruct.app */,
			);
			name = Products;
			sourceTree = "<group>";
		};
		EA9936422B00DBC8004BB4E8 /* 03ViewStruct */ = {
			isa = PBXGroup;
			children = (
				EA9936432B00DBC8004BB4E8 /* AppDelegate.swift */,
				EA9936452B00DBC8004BB4E8 /* SceneDelegate.swift */,
				EA9936472B00DBC8004BB4E8 /* ViewController.swift */,
				EA9936492B00DBC8004BB4E8 /* Main.storyboard */,
				EA99365B2B00ED61004BB4E8 /* PopupViewController.swift */,
				EA9936572B00E2D7004BB4E8 /* SecondViewController.swift */,
				EA9936592B00E302004BB4E8 /* ThirdViewController.swift */,
				EA99364C2B00DBC9004BB4E8 /* Assets.xcassets */,
				EA99364E2B00DBC9004BB4E8 /* LaunchScreen.storyboard */,
				EA9936512B00DBC9004BB4E8 /* Info.plist */,
			);
			path = 03ViewStruct;
			sourceTree = "<group>";
		};
/* End PBXGroup section */

/* Begin PBXNativeTarget section */
		EA99363F2B00DBC8004BB4E8 /* 03ViewStruct */ = {
			isa = PBXNativeTarget;
			buildConfigurationList = EA9936542B00DBC9004BB4E8 /* Build configuration list for PBXNativeTarget "03ViewStruct" */;
			buildPhases = (
				EA99363C2B00DBC8004BB4E8 /* Sources */,
				EA99363D2B00DBC8004BB4E8 /* Frameworks */,
				EA99363E2B00DBC8004BB4E8 /* Resources */,
			);
			buildRules = (
			);
			dependencies = (
			);
			name = 03ViewStruct;
			productName = 03ViewStruct;
			productReference = EA9936402B00DBC8004BB4E8 /* 03ViewStruct.app */;
			productType = "com.apple.product-type.application";
		};
/* End PBXNativeTarget section */

/* Begin PBXProject section */
		EA9936382B00DBC8004BB4E8 /* Project object */ = {
			isa = PBXProject;
			attributes = {
				BuildIndependentTargetsInParallel = 1;
				LastSwiftUpdateCheck = 1500;
				LastUpgradeCheck = 1500;
				TargetAttributes = {
					EA99363F2B00DBC8004BB4E8 = {
						CreatedOnToolsVersion = 15.0;
					};
				};
			};
			buildConfigurationList = EA99363B2B00DBC8004BB4E8 /* Build configuration list for PBXProject "03ViewStruct" */;
			compatibilityVersion = "Xcode 14.0";
			developmentRegion = en;
			hasScannedForEncodings = 0;
			knownRegions = (
				en,
				Base,
			);
			mainGroup = EA9936372B00DBC8004BB4E8;
			productRefGroup = EA9936412B00DBC8004BB4E8 /* Products */;
			projectDirPath = "";
			projectRoot = "";
			targets = (
				EA99363F2B00DBC8004BB4E8 /* 03ViewStruct */,
			);
		};
/* End PBXProject section */

/* Begin PBXResourcesBuildPhase section */
		EA99363E2B00DBC8004BB4E8 /* Resources */ = {
			isa = PBXResourcesBuildPhase;
			buildActionMask = 2147483647;
			files = (
				EA9936502B00DBC9004BB4E8 /* LaunchScreen.storyboard in Resources */,
				EA99364D2B00DBC9004BB4E8 /* Assets.xcassets in Resources */,
				EA99364B2B00DBC8004BB4E8 /* Main.storyboard in Resources */,
			);
			runOnlyForDeploymentPostprocessing = 0;
		};
/* End PBXResourcesBuildPhase section */

/* Begin PBXSourcesBuildPhase section */
		EA99363C2B00DBC8004BB4E8 /* Sources */ = {
			isa = PBXSourcesBuildPhase;
			buildActionMask = 2147483647;
			files = (
				EA9936582B00E2D7004BB4E8 /* SecondViewController.swift in Sources */,
				EA9936482B00DBC8004BB4E8 /* ViewController.swift in Sources */,
				EA99365A2B00E302004BB4E8 /* ThirdViewController.swift in Sources */,
				EA9936442B00DBC8004BB4E8 /* AppDelegate.swift in Sources */,
				EA9936462B00DBC8004BB4E8 /* SceneDelegate.swift in Sources */,
				EA99365C2B00ED61004BB4E8 /* PopupViewController.swift in Sources */,
			);
			runOnlyForDeploymentPostprocessing = 0;
		};
/* End PBXSourcesBuildPhase section */

/* Begin PBXVariantGroup section */
		EA9936492B00DBC8004BB4E8 /* Main.storyboard */ = {
			isa = PBXVariantGroup;
			children = (
				EA99364A2B00DBC8004BB4E8 /* Base */,
			);
			name = Main.storyboard;
			sourceTree = "<group>";
		};
		EA99364E2B00DBC9004BB4E8 /* LaunchScreen.storyboard */ = {
			isa = PBXVariantGroup;
			children = (
				EA99364F2B00DBC9004BB4E8 /* Base */,
			);
			name = LaunchScreen.storyboard;
			sourceTree = "<group>";
		};
/* End PBXVariantGroup section */

/* Begin XCBuildConfiguration section */
		EA9936522B00DBC9004BB4E8 /* Debug */ = {
			isa = XCBuildConfiguration;
			buildSettings = {
				ALWAYS_SEARCH_USER_PATHS = NO;
				ASSETCATALOG_COMPILER_GENERATE_SWIFT_ASSET_SYMBOL_EXTENSIONS = YES;
				CLANG_ANALYZER_NONNULL = YES;
				CLANG_ANALYZER_NUMBER_OBJECT_CONVERSION = YES_AGGRESSIVE;
				CLANG_CXX_LANGUAGE_STANDARD = "gnu++20";
				CLANG_ENABLE_MODULES = YES;
				CLANG_ENABLE_OBJC_ARC = YES;
				CLANG_ENABLE_OBJC_WEAK = YES;
				CLANG_WARN_BLOCK_CAPTURE_AUTORELEASING = YES;
				CLANG_WARN_BOOL_CONVERSION = YES;
				CLANG_WARN_COMMA = YES;
				CLANG_WARN_CONSTANT_CONVERSION = YES;
				CLANG_WARN_DEPRECATED_OBJC_IMPLEMENTATIONS = YES;
				CLANG_WARN_DIRECT_OBJC_ISA_USAGE = YES_ERROR;
				CLANG_WARN_DOCUMENTATION_COMMENTS = YES;
				CLANG_WARN_EMPTY_BODY = YES;
				CLANG_WARN_ENUM_CONVERSION = YES;
				CLANG_WARN_INFINITE_RECURSION = YES;
				CLANG_WARN_INT_CONVERSION = YES;
				CLANG_WARN_NON_LITERAL_NULL_CONVERSION = YES;
				CLANG_WARN_OBJC_IMPLICIT_RETAIN_SELF = YES;
				CLANG_WARN_OBJC_LITERAL_CONVERSION = YES;
				CLANG_WARN_OBJC_ROOT_CLASS = YES_ERROR;
				CLANG_WARN_QUOTED_INCLUDE_IN_FRAMEWORK_HEADER = YES;
				CLANG_WARN_RANGE_LOOP_ANALYSIS = YES;
				CLANG_WARN_STRICT_PROTOTYPES = YES;
				CLANG_WARN_SUSPICIOUS_MOVE = YES;
				CLANG_WARN_UNGUARDED_AVAILABILITY = YES_AGGRESSIVE;
				CLANG_WARN_UNREACHABLE_CODE = YES;
				CLANG_WARN__DUPLICATE_METHOD_MATCH = YES;
				COPY_PHASE_STRIP = NO;
				DEBUG_INFORMATION_FORMAT = dwarf;
				ENABLE_STRICT_OBJC_MSGSEND = YES;
				ENABLE_TESTABILITY = YES;
				ENABLE_USER_SCRIPT_SANDBOXING = YES;
				GCC_C_LANGUAGE_STANDARD = gnu17;
				GCC_DYNAMIC_NO_PIC = NO;
				GCC_NO_COMMON_BLOCKS = YES;
				GCC_OPTIMIZATION_LEVEL = 0;
				GCC_PREPROCESSOR_DEFINITIONS = (
					"DEBUG=1",
					"$(inherited)",
				);
				GCC_WARN_64_TO_32_BIT_CONVERSION = YES;
				GCC_WARN_ABOUT_RETURN_TYPE = YES_ERROR;
				GCC_WARN_UNDECLARED_SELECTOR = YES;
				GCC_WARN_UNINITIALIZED_AUTOS = YES_AGGRESSIVE;
				GCC_WARN_UNUSED_FUNCTION = YES;
				GCC_WARN_UNUSED_VARIABLE = YES;
				IPHONEOS_DEPLOYMENT_TARGET = 17.0;
				LOCALIZATION_PREFERS_STRING_CATALOGS = YES;
				MTL_ENABLE_DEBUG_INFO = INCLUDE_SOURCE;
				MTL_FAST_MATH = YES;
				ONLY_ACTIVE_ARCH = YES;
				SDKROOT = iphoneos;
				SWIFT_ACTIVE_COMPILATION_CONDITIONS = "DEBUG $(inherited)";
				SWIFT_OPTIMIZATION_LEVEL = "-Onone";
			};
			name = Debug;
		};
		EA9936532B00DBC9004BB4E8 /* Release */ = {
			isa = XCBuildConfiguration;
			buildSettings = {
				ALWAYS_SEARCH_USER_PATHS = NO;
				ASSETCATALOG_COMPILER_GENERATE_SWIFT_ASSET_SYMBOL_EXTENSIONS = YES;
				CLANG_ANALYZER_NONNULL = YES;
				CLANG_ANALYZER_NUMBER_OBJECT_CONVERSION = YES_AGGRESSIVE;
				CLANG_CXX_LANGUAGE_STANDARD = "gnu++20";
				CLANG_ENABLE_MODULES = YES;
				CLANG_ENABLE_OBJC_ARC = YES;
				CLANG_ENABLE_OBJC_WEAK = YES;
				CLANG_WARN_BLOCK_CAPTURE_AUTORELEASING = YES;
				CLANG_WARN_BOOL_CONVERSION = YES;
				CLANG_WARN_COMMA = YES;
				CLANG_WARN_CONSTANT_CONVERSION = YES;
				CLANG_WARN_DEPRECATED_OBJC_IMPLEMENTATIONS = YES;
				CLANG_WARN_DIRECT_OBJC_ISA_USAGE = YES_ERROR;
				CLANG_WARN_DOCUMENTATION_COMMENTS = YES;
				CLANG_WARN_EMPTY_BODY = YES;
				CLANG_WARN_ENUM_CONVERSION = YES;
				CLANG_WARN_INFINITE_RECURSION = YES;
				CLANG_WARN_INT_CONVERSION = YES;
				CLANG_WARN_NON_LITERAL_NULL_CONVERSION = YES;
				CLANG_WARN_OBJC_IMPLICIT_RETAIN_SELF = YES;
				CLANG_WARN_OBJC_LITERAL_CONVERSION = YES;
				CLANG_WARN_OBJC_ROOT_CLASS = YES_ERROR;
				CLANG_WARN_QUOTED_INCLUDE_IN_FRAMEWORK_HEADER = YES;
				CLANG_WARN_RANGE_LOOP_ANALYSIS = YES;
				CLANG_WARN_STRICT_PROTOTYPES = YES;
				CLANG_WARN_SUSPICIOUS_MOVE = YES;
				CLANG_WARN_UNGUARDED_AVAILABILITY = YES_AGGRESSIVE;
				CLANG_WARN_UNREACHABLE_CODE = YES;
				CLANG_WARN__DUPLICATE_METHOD_MATCH = YES;
				COPY_PHASE_STRIP = NO;
				DEBUG_INFORMATION_FORMAT = "dwarf-with-dsym";
				ENABLE_NS_ASSERTIONS = NO;
				ENABLE_STRICT_OBJC_MSGSEND = YES;
				ENABLE_USER_SCRIPT_SANDBOXING = YES;
				GCC_C_LANGUAGE_STANDARD = gnu17;
				GCC_NO_COMMON_BLOCKS = YES;
				GCC_WARN_64_TO_32_BIT_CONVERSION = YES;
				GCC_WARN_ABOUT_RETURN_TYPE = YES_ERROR;
				GCC_WARN_UNDECLARED_SELECTOR = YES;
				GCC_WARN_UNINITIALIZED_AUTOS = YES_AGGRESSIVE;
				GCC_WARN_UNUSED_FUNCTION = YES;
				GCC_WARN_UNUSED_VARIABLE = YES;
				IPHONEOS_DEPLOYMENT_TARGET = 17.0;
				LOCALIZATION_PREFERS_STRING_CATALOGS = YES;
				MTL_ENABLE_DEBUG_INFO = NO;
				MTL_FAST_MATH = YES;
				SDKROOT = iphoneos;
				SWIFT_COMPILATION_MODE = wholemodule;
				VALIDATE_PRODUCT = YES;
			};
			name = Release;
		};
		EA9936552B00DBC9004BB4E8 /* Debug */ = {
			isa = XCBuildConfiguration;
			buildSettings = {
				ASSETCATALOG_COMPILER_APPICON_NAME = AppIcon;
				ASSETCATALOG_COMPILER_GLOBAL_ACCENT_COLOR_NAME = AccentColor;
				CODE_SIGN_STYLE = Automatic;
				CURRENT_PROJECT_VERSION = 1;
				GENERATE_INFOPLIST_FILE = YES;
				INFOPLIST_FILE = 03ViewStruct/Info.plist;
				INFOPLIST_KEY_UIApplicationSupportsIndirectInputEvents = YES;
				INFOPLIST_KEY_UILaunchStoryboardName = LaunchScreen;
				INFOPLIST_KEY_UIMainStoryboardFile = Main;
				INFOPLIST_KEY_UISupportedInterfaceOrientations_iPad = "UIInterfaceOrientationPortrait UIInterfaceOrientationPortraitUpsideDown UIInterfaceOrientationLandscapeLeft UIInterfaceOrientationLandscapeRight";
				INFOPLIST_KEY_UISupportedInterfaceOrientations_iPhone = "UIInterfaceOrientationPortrait UIInterfaceOrientationLandscapeLeft UIInterfaceOrientationLandscapeRight";
				LD_RUNPATH_SEARCH_PATHS = (
					"$(inherited)",
					"@executable_path/Frameworks",
				);
				MARKETING_VERSION = 1.0;
				PRODUCT_BUNDLE_IDENTIFIER = "com.study.-3ViewStruct";
				PRODUCT_NAME = "$(TARGET_NAME)";
				SWIFT_EMIT_LOC_STRINGS = YES;
				SWIFT_VERSION = 5.0;
				TARGETED_DEVICE_FAMILY = "1,2";
			};
			name = Debug;
		};
		EA9936562B00DBC9004BB4E8 /* Release */ = {
			isa = XCBuildConfiguration;
			buildSettings = {
				ASSETCATALOG_COMPILER_APPICON_NAME = AppIcon;
				ASSETCATALOG_COMPILER_GLOBAL_ACCENT_COLOR_NAME = AccentColor;
				CODE_SIGN_STYLE = Automatic;
				CURRENT_PROJECT_VERSION = 1;
				GENERATE_INFOPLIST_FILE = YES;
				INFOPLIST_FILE = 03ViewStruct/Info.plist;
				INFOPLIST_KEY_UIApplicationSupportsIndirectInputEvents = YES;
				INFOPLIST_KEY_UILaunchStoryboardName = LaunchScreen;
				INFOPLIST_KEY_UIMainStoryboardFile = Main;
				INFOPLIST_KEY_UISupportedInterfaceOrientations_iPad = "UIInterfaceOrientationPortrait UIInterfaceOrientationPortraitUpsideDown UIInterfaceOrientationLandscapeLeft UIInterfaceOrientationLandscapeRight";
				INFOPLIST_KEY_UISupportedInterfaceOrientations_iPhone = "UIInterfaceOrientationPortrait UIInterfaceOrientationLandscapeLeft UIInterfaceOrientationLandscapeRight";
				LD_RUNPATH_SEARCH_PATHS = (
					"$(inherited)",
					"@executable_path/Frameworks",
				);
				MARKETING_VERSION = 1.0;
				PRODUCT_BUNDLE_IDENTIFIER = "com.study.-3ViewStruct";
				PRODUCT_NAME = "$(TARGET_NAME)";
				SWIFT_EMIT_LOC_STRINGS = YES;
				SWIFT_VERSION = 5.0;
				TARGETED_DEVICE_FAMILY = "1,2";
			};
			name = Release;
		};
/* End XCBuildConfiguration section */

/* Begin XCConfigurationList section */
		EA99363B2B00DBC8004BB4E8 /* Build configuration list for PBXProject "03ViewStruct" */ = {
			isa = XCConfigurationList;
			buildConfigurations = (
				EA9936522B00DBC9004BB4E8 /* Debug */,
				EA9936532B00DBC9004BB4E8 /* Release */,
			);
			defaultConfigurationIsVisible = 0;
			defaultConfigurationName = Release;
		};
		EA9936542B00DBC9004BB4E8 /* Build configuration list for PBXNativeTarget "03ViewStruct" */ = {
			isa = XCConfigurationList;
			buildConfigurations = (
				EA9936552B00DBC9004BB4E8 /* Debug */,
				EA9936562B00DBC9004BB4E8 /* Release */,
			);
			defaultConfigurationIsVisible = 0;
			defaultConfigurationName = Release;
		};
/* End XCConfigurationList section */
	};
	rootObject = EA9936382B00DBC8004BB4E8 /* Project object */;
}
